# This file is automatically @generated by Cargo.
# It is not intended for manual editing.
version = 4

[[package]]
name = "dir"
version = "0.1.0"
dependencies = [
 "drop-util",
]

[[package]]
name = "drop"
version = "0.1.0"
dependencies = [
 "dir",
 "drop-core",
 "drop-util",
]

[[package]]
name = "drop-core"
version = "0.1.0"
dependencies = [
 "dir",
 "drop-util",
]

[[package]]
name = "drop-util"
version = "0.1.0"
